
Microsoft Visual Studio Solution File, Format Version 12.00
# Visual Studio Version 17
VisualStudioVersion = 17.14.36414.22
MinimumVisualStudioVersion = 10.0.40219.1
Project("{2150E333-8FDC-42A3-9474-1A3956D46DE8}") = "src", "src", "{02EA681E-C7D8-13C7-8484-4AC65E1B71E8}"
EndProject
Project("{FAE04EC0-301F-11D3-BF4B-00C04F79EFBC}") = "DriverLedger.Api", "src\DriverLedger.Api\DriverLedger.Api.csproj", "{8B828887-55B4-B54C-EDCF-3F1C23BFF742}"
EndProject
Project("{FAE04EC0-301F-11D3-BF4B-00C04F79EFBC}") = "DriverLedger.Functions", "src\DriverLedger.Functions\DriverLedger.Functions.csproj", "{1DF1F140-7961-415D-9BEA-FB53672D1EEF}"
EndProject
Project("{FAE04EC0-301F-11D3-BF4B-00C04F79EFBC}") = "DriverLedger.Application", "src\DriverLedger.Application\DriverLedger.Application.csproj", "{E4ED6B5C-5958-520A-6E25-E9CA7C7D90C3}"
EndProject
Project("{2150E333-8FDC-42A3-9474-1A3956D46DE8}") = "test", "test", "{85A93695-DB61-4B5D-B0EE-D8E26C49FD7D}"
EndProject
Project("{FAE04EC0-301F-11D3-BF4B-00C04F79EFBC}") = "DriverLedger.Domain", "src\DriverLedger.Domain\DriverLedger.Domain.csproj", "{2583CF83-2602-4B1E-B898-60D4C78F1142}"
EndProject
Project("{FAE04EC0-301F-11D3-BF4B-00C04F79EFBC}") = "DriverLedger.Infrastructure", "src\DriverLedger.Infrastructure\DriverLedger.Infrastructure.csproj", "{6CB7A4D2-A549-BF19-D461-2FBC584BAF58}"
EndProject
Project("{FAE04EC0-301F-11D3-BF4B-00C04F79EFBC}") = "DriverLedger.UnitTests", "test\DriverLedger.UnitTests\DriverLedger.UnitTests.csproj", "{81B99430-E7B5-48B9-8D22-9B9E27016A2E}"
EndProject
Project("{FAE04EC0-301F-11D3-BF4B-00C04F79EFBC}") = "DriverLedger.IntegrationTests", "test\DriverLedger.IntegrationTests\DriverLedger.IntegrationTests.csproj", "{D974D601-ABDC-4663-B922-040DA9EA7B8D}"
EndProject
Project("{FAE04EC0-301F-11D3-BF4B-00C04F79EFBC}") = "DriverLedger.ContractTests", "test\DriverLedger.ContractTests\DriverLedger.ContractTests.csproj", "{F8A29B05-CD55-4969-9541-BF395E314709}"
EndProject
Project("{2150E333-8FDC-42A3-9474-1A3956D46DE8}") = "Solution Items", "Solution Items", "{95941618-D7CC-4A40-9F38-ABB964D5771C}"
	ProjectSection(SolutionItems) = preProject
		.editorconfig = .editorconfig
	EndProjectSection
EndProject
Global
	GlobalSection(SolutionConfigurationPlatforms) = preSolution
		Debug|Any CPU = Debug|Any CPU
		Debug|x64 = Debug|x64
		Debug|x86 = Debug|x86
		Release|Any CPU = Release|Any CPU
		Release|x64 = Release|x64
		Release|x86 = Release|x86
	EndGlobalSection
	GlobalSection(ProjectConfigurationPlatforms) = postSolution
		{8B828887-55B4-B54C-EDCF-3F1C23BFF742}.Debug|Any CPU.ActiveCfg = Debug|Any CPU
		{8B828887-55B4-B54C-EDCF-3F1C23BFF742}.Debug|Any CPU.Build.0 = Debug|Any CPU
		{8B828887-55B4-B54C-EDCF-3F1C23BFF742}.Debug|x64.ActiveCfg = Debug|Any CPU
		{8B828887-55B4-B54C-EDCF-3F1C23BFF742}.Debug|x64.Build.0 = Debug|Any CPU
		{8B828887-55B4-B54C-EDCF-3F1C23BFF742}.Debug|x86.ActiveCfg = Debug|Any CPU
		{8B828887-55B4-B54C-EDCF-3F1C23BFF742}.Debug|x86.Build.0 = Debug|Any CPU
		{8B828887-55B4-B54C-EDCF-3F1C23BFF742}.Release|Any CPU.ActiveCfg = Release|Any CPU
		{8B828887-55B4-B54C-EDCF-3F1C23BFF742}.Release|Any CPU.Build.0 = Release|Any CPU
		{8B828887-55B4-B54C-EDCF-3F1C23BFF742}.Release|x64.ActiveCfg = Release|Any CPU
		{8B828887-55B4-B54C-EDCF-3F1C23BFF742}.Release|x64.Build.0 = Release|Any CPU
		{8B828887-55B4-B54C-EDCF-3F1C23BFF742}.Release|x86.ActiveCfg = Release|Any CPU
		{8B828887-55B4-B54C-EDCF-3F1C23BFF742}.Release|x86.Build.0 = Release|Any CPU
		{1DF1F140-7961-415D-9BEA-FB53672D1EEF}.Debug|Any CPU.ActiveCfg = Debug|Any CPU
		{1DF1F140-7961-415D-9BEA-FB53672D1EEF}.Debug|Any CPU.Build.0 = Debug|Any CPU
		{1DF1F140-7961-415D-9BEA-FB53672D1EEF}.Debug|x64.ActiveCfg = Debug|Any CPU
		{1DF1F140-7961-415D-9BEA-FB53672D1EEF}.Debug|x64.Build.0 = Debug|Any CPU
		{1DF1F140-7961-415D-9BEA-FB53672D1EEF}.Debug|x86.ActiveCfg = Debug|Any CPU
		{1DF1F140-7961-415D-9BEA-FB53672D1EEF}.Debug|x86.Build.0 = Debug|Any CPU
		{1DF1F140-7961-415D-9BEA-FB53672D1EEF}.Release|Any CPU.ActiveCfg = Release|Any CPU
		{1DF1F140-7961-415D-9BEA-FB53672D1EEF}.Release|Any CPU.Build.0 = Release|Any CPU
		{1DF1F140-7961-415D-9BEA-FB53672D1EEF}.Release|x64.ActiveCfg = Release|Any CPU
		{1DF1F140-7961-415D-9BEA-FB53672D1EEF}.Release|x64.Build.0 = Release|Any CPU
		{1DF1F140-7961-415D-9BEA-FB53672D1EEF}.Release|x86.ActiveCfg = Release|Any CPU
		{1DF1F140-7961-415D-9BEA-FB53672D1EEF}.Release|x86.Build.0 = Release|Any CPU
		{E4ED6B5C-5958-520A-6E25-E9CA7C7D90C3}.Debug|Any CPU.ActiveCfg = Debug|Any CPU
		{E4ED6B5C-5958-520A-6E25-E9CA7C7D90C3}.Debug|Any CPU.Build.0 = Debug|Any CPU
		{E4ED6B5C-5958-520A-6E25-E9CA7C7D90C3}.Debug|x64.ActiveCfg = Debug|Any CPU
		{E4ED6B5C-5958-520A-6E25-E9CA7C7D90C3}.Debug|x64.Build.0 = Debug|Any CPU
		{E4ED6B5C-5958-520A-6E25-E9CA7C7D90C3}.Debug|x86.ActiveCfg = Debug|Any CPU
		{E4ED6B5C-5958-520A-6E25-E9CA7C7D90C3}.Debug|x86.Build.0 = Debug|Any CPU
		{E4ED6B5C-5958-520A-6E25-E9CA7C7D90C3}.Release|Any CPU.ActiveCfg = Release|Any CPU
		{E4ED6B5C-5958-520A-6E25-E9CA7C7D90C3}.Release|Any CPU.Build.0 = Release|Any CPU
		{E4ED6B5C-5958-520A-6E25-E9CA7C7D90C3}.Release|x64.ActiveCfg = Release|Any CPU
		{E4ED6B5C-5958-520A-6E25-E9CA7C7D90C3}.Release|x64.Build.0 = Release|Any CPU
		{E4ED6B5C-5958-520A-6E25-E9CA7C7D90C3}.Release|x86.ActiveCfg = Release|Any CPU
		{E4ED6B5C-5958-520A-6E25-E9CA7C7D90C3}.Release|x86.Build.0 = Release|Any CPU
		{2583CF83-2602-4B1E-B898-60D4C78F1142}.Debug|Any CPU.ActiveCfg = Debug|Any CPU
		{2583CF83-2602-4B1E-B898-60D4C78F1142}.Debug|Any CPU.Build.0 = Debug|Any CPU
		{2583CF83-2602-4B1E-B898-60D4C78F1142}.Debug|x64.ActiveCfg = Debug|Any CPU
		{2583CF83-2602-4B1E-B898-60D4C78F1142}.Debug|x64.Build.0 = Debug|Any CPU
		{2583CF83-2602-4B1E-B898-60D4C78F1142}.Debug|x86.ActiveCfg = Debug|Any CPU
		{2583CF83-2602-4B1E-B898-60D4C78F1142}.Debug|x86.Build.0 = Debug|Any CPU
		{2583CF83-2602-4B1E-B898-60D4C78F1142}.Release|Any CPU.ActiveCfg = Release|Any CPU
		{2583CF83-2602-4B1E-B898-60D4C78F1142}.Release|Any CPU.Build.0 = Release|Any CPU
		{2583CF83-2602-4B1E-B898-60D4C78F1142}.Release|x64.ActiveCfg = Release|Any CPU
		{2583CF83-2602-4B1E-B898-60D4C78F1142}.Release|x64.Build.0 = Release|Any CPU
		{2583CF83-2602-4B1E-B898-60D4C78F1142}.Release|x86.ActiveCfg = Release|Any CPU
		{2583CF83-2602-4B1E-B898-60D4C78F1142}.Release|x86.Build.0 = Release|Any CPU
		{6CB7A4D2-A549-BF19-D461-2FBC584BAF58}.Debug|Any CPU.ActiveCfg = Debug|Any CPU
		{6CB7A4D2-A549-BF19-D461-2FBC584BAF58}.Debug|Any CPU.Build.0 = Debug|Any CPU
		{6CB7A4D2-A549-BF19-D461-2FBC584BAF58}.Debug|x64.ActiveCfg = Debug|Any CPU
		{6CB7A4D2-A549-BF19-D461-2FBC584BAF58}.Debug|x64.Build.0 = Debug|Any CPU
		{6CB7A4D2-A549-BF19-D461-2FBC584BAF58}.Debug|x86.ActiveCfg = Debug|Any CPU
		{6CB7A4D2-A549-BF19-D461-2FBC584BAF58}.Debug|x86.Build.0 = Debug|Any CPU
		{6CB7A4D2-A549-BF19-D461-2FBC584BAF58}.Release|Any CPU.ActiveCfg = Release|Any CPU
		{6CB7A4D2-A549-BF19-D461-2FBC584BAF58}.Release|Any CPU.Build.0 = Release|Any CPU
		{6CB7A4D2-A549-BF19-D461-2FBC584BAF58}.Release|x64.ActiveCfg = Release|Any CPU
		{6CB7A4D2-A549-BF19-D461-2FBC584BAF58}.Release|x64.Build.0 = Release|Any CPU
		{6CB7A4D2-A549-BF19-D461-2FBC584BAF58}.Release|x86.ActiveCfg = Release|Any CPU
		{6CB7A4D2-A549-BF19-D461-2FBC584BAF58}.Release|x86.Build.0 = Release|Any CPU
		{81B99430-E7B5-48B9-8D22-9B9E27016A2E}.Debug|Any CPU.ActiveCfg = Debug|Any CPU
		{81B99430-E7B5-48B9-8D22-9B9E27016A2E}.Debug|Any CPU.Build.0 = Debug|Any CPU
		{81B99430-E7B5-48B9-8D22-9B9E27016A2E}.Debug|x64.ActiveCfg = Debug|Any CPU
		{81B99430-E7B5-48B9-8D22-9B9E27016A2E}.Debug|x64.Build.0 = Debug|Any CPU
		{81B99430-E7B5-48B9-8D22-9B9E27016A2E}.Debug|x86.ActiveCfg = Debug|Any CPU
		{81B99430-E7B5-48B9-8D22-9B9E27016A2E}.Debug|x86.Build.0 = Debug|Any CPU
		{81B99430-E7B5-48B9-8D22-9B9E27016A2E}.Release|Any CPU.ActiveCfg = Release|Any CPU
		{81B99430-E7B5-48B9-8D22-9B9E27016A2E}.Release|Any CPU.Build.0 = Release|Any CPU
		{81B99430-E7B5-48B9-8D22-9B9E27016A2E}.Release|x64.ActiveCfg = Release|Any CPU
		{81B99430-E7B5-48B9-8D22-9B9E27016A2E}.Release|x64.Build.0 = Release|Any CPU
		{81B99430-E7B5-48B9-8D22-9B9E27016A2E}.Release|x86.ActiveCfg = Release|Any CPU
		{81B99430-E7B5-48B9-8D22-9B9E27016A2E}.Release|x86.Build.0 = Release|Any CPU
		{D974D601-ABDC-4663-B922-040DA9EA7B8D}.Debug|Any CPU.ActiveCfg = Debug|Any CPU
		{D974D601-ABDC-4663-B922-040DA9EA7B8D}.Debug|Any CPU.Build.0 = Debug|Any CPU
		{D974D601-ABDC-4663-B922-040DA9EA7B8D}.Debug|x64.ActiveCfg = Debug|Any CPU
		{D974D601-ABDC-4663-B922-040DA9EA7B8D}.Debug|x64.Build.0 = Debug|Any CPU
		{D974D601-ABDC-4663-B922-040DA9EA7B8D}.Debug|x86.ActiveCfg = Debug|Any CPU
		{D974D601-ABDC-4663-B922-040DA9EA7B8D}.Debug|x86.Build.0 = Debug|Any CPU
		{D974D601-ABDC-4663-B922-040DA9EA7B8D}.Release|Any CPU.ActiveCfg = Release|Any CPU
		{D974D601-ABDC-4663-B922-040DA9EA7B8D}.Release|Any CPU.Build.0 = Release|Any CPU
		{D974D601-ABDC-4663-B922-040DA9EA7B8D}.Release|x64.ActiveCfg = Release|Any CPU
		{D974D601-ABDC-4663-B922-040DA9EA7B8D}.Release|x64.Build.0 = Release|Any CPU
		{D974D601-ABDC-4663-B922-040DA9EA7B8D}.Release|x86.ActiveCfg = Release|Any CPU
		{D974D601-ABDC-4663-B922-040DA9EA7B8D}.Release|x86.Build.0 = Release|Any CPU
		{F8A29B05-CD55-4969-9541-BF395E314709}.Debug|Any CPU.ActiveCfg = Debug|Any CPU
		{F8A29B05-CD55-4969-9541-BF395E314709}.Debug|Any CPU.Build.0 = Debug|Any CPU
		{F8A29B05-CD55-4969-9541-BF395E314709}.Debug|x64.ActiveCfg = Debug|Any CPU
		{F8A29B05-CD55-4969-9541-BF395E314709}.Debug|x64.Build.0 = Debug|Any CPU
		{F8A29B05-CD55-4969-9541-BF395E314709}.Debug|x86.ActiveCfg = Debug|Any CPU
		{F8A29B05-CD55-4969-9541-BF395E314709}.Debug|x86.Build.0 = Debug|Any CPU
		{F8A29B05-CD55-4969-9541-BF395E314709}.Release|Any CPU.ActiveCfg = Release|Any CPU
		{F8A29B05-CD55-4969-9541-BF395E314709}.Release|Any CPU.Build.0 = Release|Any CPU
		{F8A29B05-CD55-4969-9541-BF395E314709}.Release|x64.ActiveCfg = Release|Any CPU
		{F8A29B05-CD55-4969-9541-BF395E314709}.Release|x64.Build.0 = Release|Any CPU
		{F8A29B05-CD55-4969-9541-BF395E314709}.Release|x86.ActiveCfg = Release|Any CPU
		{F8A29B05-CD55-4969-9541-BF395E314709}.Release|x86.Build.0 = Release|Any CPU
	EndGlobalSection
	GlobalSection(SolutionProperties) = preSolution
		HideSolutionNode = FALSE
	EndGlobalSection
	GlobalSection(NestedProjects) = preSolution
		{8B828887-55B4-B54C-EDCF-3F1C23BFF742} = {02EA681E-C7D8-13C7-8484-4AC65E1B71E8}
		{1DF1F140-7961-415D-9BEA-FB53672D1EEF} = {02EA681E-C7D8-13C7-8484-4AC65E1B71E8}
		{E4ED6B5C-5958-520A-6E25-E9CA7C7D90C3} = {02EA681E-C7D8-13C7-8484-4AC65E1B71E8}
		{2583CF83-2602-4B1E-B898-60D4C78F1142} = {02EA681E-C7D8-13C7-8484-4AC65E1B71E8}
		{6CB7A4D2-A549-BF19-D461-2FBC584BAF58} = {02EA681E-C7D8-13C7-8484-4AC65E1B71E8}
		{81B99430-E7B5-48B9-8D22-9B9E27016A2E} = {85A93695-DB61-4B5D-B0EE-D8E26C49FD7D}
		{D974D601-ABDC-4663-B922-040DA9EA7B8D} = {85A93695-DB61-4B5D-B0EE-D8E26C49FD7D}
		{F8A29B05-CD55-4969-9541-BF395E314709} = {85A93695-DB61-4B5D-B0EE-D8E26C49FD7D}
	EndGlobalSection
	GlobalSection(ExtensibilityGlobals) = postSolution
		SolutionGuid = {0D83A321-75E0-4869-93C4-5ECC011F54D9}
	EndGlobalSection
EndGlobal
